// !$*UTF8*$!
{
	archiveVersion = 1;
	classes = {
	};
	objectVersion = 50;
	objects = {

/* Begin PBXBuildFile section */
		8B020E2A228EFC9700382909 /* AppDelegate.swift in Sources */ = {isa = PBXBuildFile; fileRef = 8B020E29228EFC9700382909 /* AppDelegate.swift */; };
		8B020E2C228EFC9700382909 /* CountrySearchTableViewController.swift in Sources */ = {isa = PBXBuildFile; fileRef = 8B020E2B228EFC9700382909 /* CountrySearchTableViewController.swift */; };
		8B020E2F228EFC9700382909 /* Main.storyboard in Resources */ = {isa = PBXBuildFile; fileRef = 8B020E2D228EFC9700382909 /* Main.storyboard */; };
		8B020E31228EFC9800382909 /* Assets.xcassets in Resources */ = {isa = PBXBuildFile; fileRef = 8B020E30228EFC9800382909 /* Assets.xcassets */; };
		8B020E34228EFC9800382909 /* LaunchScreen.storyboard in Resources */ = {isa = PBXBuildFile; fileRef = 8B020E32228EFC9800382909 /* LaunchScreen.storyboard */; };
		8B020E3F228EFC9800382909 /* Country_SearchTests.swift in Sources */ = {isa = PBXBuildFile; fileRef = 8B020E3E228EFC9800382909 /* Country_SearchTests.swift */; };
		8B020E4A228EFC9800382909 /* Country_SearchUITests.swift in Sources */ = {isa = PBXBuildFile; fileRef = 8B020E49228EFC9800382909 /* Country_SearchUITests.swift */; };
		8B3D5E30228F08DB00E21AE0 /* Country.swift in Sources */ = {isa = PBXBuildFile; fileRef = 8B3D5E2F228F08DB00E21AE0 /* Country.swift */; };
		8B3D5E31228F08DB00E21AE0 /* Country.swift in Sources */ = {isa = PBXBuildFile; fileRef = 8B3D5E2F228F08DB00E21AE0 /* Country.swift */; };
		8B3D5E32228F08DB00E21AE0 /* Country.swift in Sources */ = {isa = PBXBuildFile; fileRef = 8B3D5E2F228F08DB00E21AE0 /* Country.swift */; };
		8B3D5E35228F08FD00E21AE0 /* ApiCountry.swift in Sources */ = {isa = PBXBuildFile; fileRef = 8B3D5E34228F08FD00E21AE0 /* ApiCountry.swift */; };
		8B3D5E36228F08FD00E21AE0 /* ApiCountry.swift in Sources */ = {isa = PBXBuildFile; fileRef = 8B3D5E34228F08FD00E21AE0 /* ApiCountry.swift */; };
		8B3D5E37228F08FD00E21AE0 /* ApiCountry.swift in Sources */ = {isa = PBXBuildFile; fileRef = 8B3D5E34228F08FD00E21AE0 /* ApiCountry.swift */; };
		8B3D5E39228F0BC000E21AE0 /* ApiService.swift in Sources */ = {isa = PBXBuildFile; fileRef = 8B3D5E38228F0BC000E21AE0 /* ApiService.swift */; };
		8B3D5E3A228F0BC000E21AE0 /* ApiService.swift in Sources */ = {isa = PBXBuildFile; fileRef = 8B3D5E38228F0BC000E21AE0 /* ApiService.swift */; };
		8B3D5E3B228F0BC000E21AE0 /* ApiService.swift in Sources */ = {isa = PBXBuildFile; fileRef = 8B3D5E38228F0BC000E21AE0 /* ApiService.swift */; };
		8B4D50FD2291ED490027AA01 /* Protocols.swift in Sources */ = {isa = PBXBuildFile; fileRef = 8B4D50FC2291ED490027AA01 /* Protocols.swift */; };
		8B4D50FE2291EEEE0027AA01 /* Protocols.swift in Sources */ = {isa = PBXBuildFile; fileRef = 8B4D50FC2291ED490027AA01 /* Protocols.swift */; };
		8B4D50FF2291EEEF0027AA01 /* Protocols.swift in Sources */ = {isa = PBXBuildFile; fileRef = 8B4D50FC2291ED490027AA01 /* Protocols.swift */; };
		8B4D51072294738A0027AA01 /* NotificationCenter.framework in Frameworks */ = {isa = PBXBuildFile; fileRef = 8B4D51062294738A0027AA01 /* NotificationCenter.framework */; };
		8B4D510A2294738A0027AA01 /* TodayViewController.swift in Sources */ = {isa = PBXBuildFile; fileRef = 8B4D51092294738A0027AA01 /* TodayViewController.swift */; };
		8B4D510D2294738A0027AA01 /* CurrentCountry.storyboard in Resources */ = {isa = PBXBuildFile; fileRef = 8B4D510B2294738A0027AA01 /* CurrentCountry.storyboard */; };
		8B4D51112294738A0027AA01 /* CurrentCountryWidget.appex in Embed App Extensions */ = {isa = PBXBuildFile; fileRef = 8B4D51042294738A0027AA01 /* CurrentCountryWidget.appex */; settings = {ATTRIBUTES = (RemoveHeadersOnCopy, ); }; };
		8B4D5116229473F60027AA01 /* CountryService.swift in Sources */ = {isa = PBXBuildFile; fileRef = 8BFA8A8E22918FDE00E536D1 /* CountryService.swift */; };
		8B4D5117229473FA0027AA01 /* Country.swift in Sources */ = {isa = PBXBuildFile; fileRef = 8B3D5E2F228F08DB00E21AE0 /* Country.swift */; };
		8B4D5118229473FD0027AA01 /* Protocols.swift in Sources */ = {isa = PBXBuildFile; fileRef = 8B4D50FC2291ED490027AA01 /* Protocols.swift */; };
		8B4D5119229474130027AA01 /* ApiCountry.swift in Sources */ = {isa = PBXBuildFile; fileRef = 8B3D5E34228F08FD00E21AE0 /* ApiCountry.swift */; };
		8B4D511A229474160027AA01 /* ApiService.swift in Sources */ = {isa = PBXBuildFile; fileRef = 8B3D5E38228F0BC000E21AE0 /* ApiService.swift */; };
		8B4D511B229474190027AA01 /* LocationService.swift in Sources */ = {isa = PBXBuildFile; fileRef = 8BFA8A8A22918AFC00E536D1 /* LocationService.swift */; };
		8B4D511D229474720027AA01 /* TodayViewModel.swift in Sources */ = {isa = PBXBuildFile; fileRef = 8B4D511C229474720027AA01 /* TodayViewModel.swift */; };
		8B4D511F229481090027AA01 /* CurrentCountryViewController.swift in Sources */ = {isa = PBXBuildFile; fileRef = 8B4D511E229481090027AA01 /* CurrentCountryViewController.swift */; };
		8B4D5120229481090027AA01 /* CurrentCountryViewController.swift in Sources */ = {isa = PBXBuildFile; fileRef = 8B4D511E229481090027AA01 /* CurrentCountryViewController.swift */; };
		8B4D5121229481090027AA01 /* CurrentCountryViewController.swift in Sources */ = {isa = PBXBuildFile; fileRef = 8B4D511E229481090027AA01 /* CurrentCountryViewController.swift */; };
		8B4D5122229481090027AA01 /* CurrentCountryViewController.swift in Sources */ = {isa = PBXBuildFile; fileRef = 8B4D511E229481090027AA01 /* CurrentCountryViewController.swift */; };
		8B4D51242294867D0027AA01 /* TodayViewController.storyboard in Resources */ = {isa = PBXBuildFile; fileRef = 8B4D51232294867D0027AA01 /* TodayViewController.storyboard */; };
		8B4D5125229488B20027AA01 /* CurrentCountry.storyboard in Resources */ = {isa = PBXBuildFile; fileRef = 8B4D510B2294738A0027AA01 /* CurrentCountry.storyboard */; };
		8B4D5126229488B40027AA01 /* CurrentCountry.storyboard in Resources */ = {isa = PBXBuildFile; fileRef = 8B4D510B2294738A0027AA01 /* CurrentCountry.storyboard */; };
		8B4D5127229488B50027AA01 /* CurrentCountry.storyboard in Resources */ = {isa = PBXBuildFile; fileRef = 8B4D510B2294738A0027AA01 /* CurrentCountry.storyboard */; };
		8BFA8A872291898900E536D1 /* CountrySearchViewModel.swift in Sources */ = {isa = PBXBuildFile; fileRef = 8BFA8A862291898900E536D1 /* CountrySearchViewModel.swift */; };
		8BFA8A882291898900E536D1 /* CountrySearchViewModel.swift in Sources */ = {isa = PBXBuildFile; fileRef = 8BFA8A862291898900E536D1 /* CountrySearchViewModel.swift */; };
		8BFA8A892291898900E536D1 /* CountrySearchViewModel.swift in Sources */ = {isa = PBXBuildFile; fileRef = 8BFA8A862291898900E536D1 /* CountrySearchViewModel.swift */; };
		8BFA8A8B22918AFC00E536D1 /* LocationService.swift in Sources */ = {isa = PBXBuildFile; fileRef = 8BFA8A8A22918AFC00E536D1 /* LocationService.swift */; };
		8BFA8A8C22918AFC00E536D1 /* LocationService.swift in Sources */ = {isa = PBXBuildFile; fileRef = 8BFA8A8A22918AFC00E536D1 /* LocationService.swift */; };
		8BFA8A8D22918AFC00E536D1 /* LocationService.swift in Sources */ = {isa = PBXBuildFile; fileRef = 8BFA8A8A22918AFC00E536D1 /* LocationService.swift */; };
		8BFA8A8F22918FDE00E536D1 /* CountryService.swift in Sources */ = {isa = PBXBuildFile; fileRef = 8BFA8A8E22918FDE00E536D1 /* CountryService.swift */; };
		8BFA8A9022918FDE00E536D1 /* CountryService.swift in Sources */ = {isa = PBXBuildFile; fileRef = 8BFA8A8E22918FDE00E536D1 /* CountryService.swift */; };
		8BFA8A9122918FDE00E536D1 /* CountryService.swift in Sources */ = {isa = PBXBuildFile; fileRef = 8BFA8A8E22918FDE00E536D1 /* CountryService.swift */; };
/* End PBXBuildFile section */

/* Begin PBXContainerItemProxy section */
		8B020E3B228EFC9800382909 /* PBXContainerItemProxy */ = {
			isa = PBXContainerItemProxy;
			containerPortal = 8B020E1E228EFC9700382909 /* Project object */;
			proxyType = 1;
			remoteGlobalIDString = 8B020E25228EFC9700382909;
			remoteInfo = "Country Search";
		};
		8B020E46228EFC9800382909 /* PBXContainerItemProxy */ = {
			isa = PBXContainerItemProxy;
			containerPortal = 8B020E1E228EFC9700382909 /* Project object */;
			proxyType = 1;
			remoteGlobalIDString = 8B020E25228EFC9700382909;
			remoteInfo = "Country Search";
		};
		8B4D510F2294738A0027AA01 /* PBXContainerItemProxy */ = {
			isa = PBXContainerItemProxy;
			containerPortal = 8B020E1E228EFC9700382909 /* Project object */;
			proxyType = 1;
			remoteGlobalIDString = 8B4D51032294738A0027AA01;
			remoteInfo = CurrentCountryWidget;
		};
/* End PBXContainerItemProxy section */

/* Begin PBXCopyFilesBuildPhase section */
		8B4D51152294738A0027AA01 /* Embed App Extensions */ = {
			isa = PBXCopyFilesBuildPhase;
			buildActionMask = 2147483647;
			dstPath = "";
			dstSubfolderSpec = 13;
			files = (
				8B4D51112294738A0027AA01 /* CurrentCountryWidget.appex in Embed App Extensions */,
			);
			name = "Embed App Extensions";
			runOnlyForDeploymentPostprocessing = 0;
		};
/* End PBXCopyFilesBuildPhase section */

/* Begin PBXFileReference section */
		8B020E26228EFC9700382909 /* Country Search.app */ = {isa = PBXFileReference; explicitFileType = wrapper.application; includeInIndex = 0; path = "Country Search.app"; sourceTree = BUILT_PRODUCTS_DIR; };
		8B020E29228EFC9700382909 /* AppDelegate.swift */ = {isa = PBXFileReference; lastKnownFileType = sourcecode.swift; path = AppDelegate.swift; sourceTree = "<group>"; };
		8B020E2B228EFC9700382909 /* CountrySearchTableViewController.swift */ = {isa = PBXFileReference; lastKnownFileType = sourcecode.swift; path = CountrySearchTableViewController.swift; sourceTree = "<group>"; };
		8B020E2E228EFC9700382909 /* Base */ = {isa = PBXFileReference; lastKnownFileType = file.storyboard; name = Base; path = Base.lproj/Main.storyboard; sourceTree = "<group>"; };
		8B020E30228EFC9800382909 /* Assets.xcassets */ = {isa = PBXFileReference; lastKnownFileType = folder.assetcatalog; path = Assets.xcassets; sourceTree = "<group>"; };
		8B020E33228EFC9800382909 /* Base */ = {isa = PBXFileReference; lastKnownFileType = file.storyboard; name = Base; path = Base.lproj/LaunchScreen.storyboard; sourceTree = "<group>"; };
		8B020E35228EFC9800382909 /* Info.plist */ = {isa = PBXFileReference; lastKnownFileType = text.plist.xml; path = Info.plist; sourceTree = "<group>"; };
		8B020E3A228EFC9800382909 /* Country SearchTests.xctest */ = {isa = PBXFileReference; explicitFileType = wrapper.cfbundle; includeInIndex = 0; path = "Country SearchTests.xctest"; sourceTree = BUILT_PRODUCTS_DIR; };
		8B020E3E228EFC9800382909 /* Country_SearchTests.swift */ = {isa = PBXFileReference; lastKnownFileType = sourcecode.swift; path = Country_SearchTests.swift; sourceTree = "<group>"; };
		8B020E40228EFC9800382909 /* Info.plist */ = {isa = PBXFileReference; lastKnownFileType = text.plist.xml; path = Info.plist; sourceTree = "<group>"; };
		8B020E45228EFC9800382909 /* Country SearchUITests.xctest */ = {isa = PBXFileReference; explicitFileType = wrapper.cfbundle; includeInIndex = 0; path = "Country SearchUITests.xctest"; sourceTree = BUILT_PRODUCTS_DIR; };
		8B020E49228EFC9800382909 /* Country_SearchUITests.swift */ = {isa = PBXFileReference; lastKnownFileType = sourcecode.swift; path = Country_SearchUITests.swift; sourceTree = "<group>"; };
		8B020E4B228EFC9800382909 /* Info.plist */ = {isa = PBXFileReference; lastKnownFileType = text.plist.xml; path = Info.plist; sourceTree = "<group>"; };
		8B3D5E2F228F08DB00E21AE0 /* Country.swift */ = {isa = PBXFileReference; lastKnownFileType = sourcecode.swift; path = Country.swift; sourceTree = "<group>"; };
		8B3D5E34228F08FD00E21AE0 /* ApiCountry.swift */ = {isa = PBXFileReference; lastKnownFileType = sourcecode.swift; path = ApiCountry.swift; sourceTree = "<group>"; };
		8B3D5E38228F0BC000E21AE0 /* ApiService.swift */ = {isa = PBXFileReference; lastKnownFileType = sourcecode.swift; path = ApiService.swift; sourceTree = "<group>"; };
		8B4D50FC2291ED490027AA01 /* Protocols.swift */ = {isa = PBXFileReference; lastKnownFileType = sourcecode.swift; path = Protocols.swift; sourceTree = "<group>"; };
		8B4D51042294738A0027AA01 /* CurrentCountryWidget.appex */ = {isa = PBXFileReference; explicitFileType = "wrapper.app-extension"; includeInIndex = 0; path = CurrentCountryWidget.appex; sourceTree = BUILT_PRODUCTS_DIR; };
		8B4D51062294738A0027AA01 /* NotificationCenter.framework */ = {isa = PBXFileReference; lastKnownFileType = wrapper.framework; name = NotificationCenter.framework; path = System/Library/Frameworks/NotificationCenter.framework; sourceTree = SDKROOT; };
		8B4D51092294738A0027AA01 /* TodayViewController.swift */ = {isa = PBXFileReference; lastKnownFileType = sourcecode.swift; path = TodayViewController.swift; sourceTree = "<group>"; };
		8B4D510C2294738A0027AA01 /* Base */ = {isa = PBXFileReference; lastKnownFileType = file.storyboard; name = Base; path = Base.lproj/CurrentCountry.storyboard; sourceTree = "<group>"; };
		8B4D510E2294738A0027AA01 /* Info.plist */ = {isa = PBXFileReference; lastKnownFileType = text.plist.xml; path = Info.plist; sourceTree = "<group>"; };
		8B4D511C229474720027AA01 /* TodayViewModel.swift */ = {isa = PBXFileReference; lastKnownFileType = sourcecode.swift; path = TodayViewModel.swift; sourceTree = "<group>"; };
		8B4D511E229481090027AA01 /* CurrentCountryViewController.swift */ = {isa = PBXFileReference; lastKnownFileType = sourcecode.swift; path = CurrentCountryViewController.swift; sourceTree = "<group>"; };
		8B4D51232294867D0027AA01 /* TodayViewController.storyboard */ = {isa = PBXFileReference; lastKnownFileType = file.storyboard; path = TodayViewController.storyboard; sourceTree = "<group>"; };
		8BFA8A862291898900E536D1 /* CountrySearchViewModel.swift */ = {isa = PBXFileReference; lastKnownFileType = sourcecode.swift; path = CountrySearchViewModel.swift; sourceTree = "<group>"; };
		8BFA8A8A22918AFC00E536D1 /* LocationService.swift */ = {isa = PBXFileReference; lastKnownFileType = sourcecode.swift; path = LocationService.swift; sourceTree = "<group>"; };
		8BFA8A8E22918FDE00E536D1 /* CountryService.swift */ = {isa = PBXFileReference; lastKnownFileType = sourcecode.swift; path = CountryService.swift; sourceTree = "<group>"; };
/* End PBXFileReference section */

/* Begin PBXFrameworksBuildPhase section */
		8B020E23228EFC9700382909 /* Frameworks */ = {
			isa = PBXFrameworksBuildPhase;
			buildActionMask = 2147483647;
			files = (
			);
			runOnlyForDeploymentPostprocessing = 0;
		};
		8B020E37228EFC9800382909 /* Frameworks */ = {
			isa = PBXFrameworksBuildPhase;
			buildActionMask = 2147483647;
			files = (
			);
			runOnlyForDeploymentPostprocessing = 0;
		};
		8B020E42228EFC9800382909 /* Frameworks */ = {
			isa = PBXFrameworksBuildPhase;
			buildActionMask = 2147483647;
			files = (
			);
			runOnlyForDeploymentPostprocessing = 0;
		};
		8B4D51012294738A0027AA01 /* Frameworks */ = {
			isa = PBXFrameworksBuildPhase;
			buildActionMask = 2147483647;
			files = (
				8B4D51072294738A0027AA01 /* NotificationCenter.framework in Frameworks */,
			);
			runOnlyForDeploymentPostprocessing = 0;
		};
/* End PBXFrameworksBuildPhase section */

/* Begin PBXGroup section */
		8B020E1D228EFC9700382909 = {
			isa = PBXGroup;
			children = (
				8B020E28228EFC9700382909 /* Country Search */,
				8B020E3D228EFC9800382909 /* Country SearchTests */,
				8B020E48228EFC9800382909 /* Country SearchUITests */,
				8B4D51082294738A0027AA01 /* CurrentCountryWidget */,
				8B4D51052294738A0027AA01 /* Frameworks */,
				8B020E27228EFC9700382909 /* Products */,
			);
			sourceTree = "<group>";
		};
		8B020E27228EFC9700382909 /* Products */ = {
			isa = PBXGroup;
			children = (
				8B020E26228EFC9700382909 /* Country Search.app */,
				8B020E3A228EFC9800382909 /* Country SearchTests.xctest */,
				8B020E45228EFC9800382909 /* Country SearchUITests.xctest */,
				8B4D51042294738A0027AA01 /* CurrentCountryWidget.appex */,
			);
			name = Products;
			sourceTree = "<group>";
		};
		8B020E28228EFC9700382909 /* Country Search */ = {
			isa = PBXGroup;
			children = (
				8BFA8A852291892C00E536D1 /* View */,
				8B3D5E2E228F08BB00E21AE0 /* Application Domain */,
				8B3D5E2D228F087900E21AE0 /* Service Domain */,
				8B020E29228EFC9700382909 /* AppDelegate.swift */,
				8B020E2D228EFC9700382909 /* Main.storyboard */,
				8B4D510B2294738A0027AA01 /* CurrentCountry.storyboard */,
				8B020E30228EFC9800382909 /* Assets.xcassets */,
				8B020E32228EFC9800382909 /* LaunchScreen.storyboard */,
				8B020E35228EFC9800382909 /* Info.plist */,
			);
			path = "Country Search";
			sourceTree = "<group>";
		};
		8B020E3D228EFC9800382909 /* Country SearchTests */ = {
			isa = PBXGroup;
			children = (
				8B020E3E228EFC9800382909 /* Country_SearchTests.swift */,
				8B020E40228EFC9800382909 /* Info.plist */,
			);
			path = "Country SearchTests";
			sourceTree = "<group>";
		};
		8B020E48228EFC9800382909 /* Country SearchUITests */ = {
			isa = PBXGroup;
			children = (
				8B020E49228EFC9800382909 /* Country_SearchUITests.swift */,
				8B020E4B228EFC9800382909 /* Info.plist */,
			);
			path = "Country SearchUITests";
			sourceTree = "<group>";
		};
		8B3D5E2D228F087900E21AE0 /* Service Domain */ = {
			isa = PBXGroup;
			children = (
				8B3D5E34228F08FD00E21AE0 /* ApiCountry.swift */,
				8B3D5E38228F0BC000E21AE0 /* ApiService.swift */,
				8BFA8A8A22918AFC00E536D1 /* LocationService.swift */,
			);
			path = "Service Domain";
			sourceTree = "<group>";
		};
		8B3D5E2E228F08BB00E21AE0 /* Application Domain */ = {
			isa = PBXGroup;
			children = (
				8B3D5E2F228F08DB00E21AE0 /* Country.swift */,
				8BFA8A8E22918FDE00E536D1 /* CountryService.swift */,
				8B4D50FC2291ED490027AA01 /* Protocols.swift */,
			);
			path = "Application Domain";
			sourceTree = "<group>";
		};
		8B4D51052294738A0027AA01 /* Frameworks */ = {
			isa = PBXGroup;
			children = (
				8B4D51062294738A0027AA01 /* NotificationCenter.framework */,
			);
			name = Frameworks;
			sourceTree = "<group>";
		};
		8B4D51082294738A0027AA01 /* CurrentCountryWidget */ = {
			isa = PBXGroup;
			children = (
				8B4D51092294738A0027AA01 /* TodayViewController.swift */,
				8B4D511C229474720027AA01 /* TodayViewModel.swift */,
				8B4D51232294867D0027AA01 /* TodayViewController.storyboard */,
				8B4D510E2294738A0027AA01 /* Info.plist */,
			);
			path = CurrentCountryWidget;
			sourceTree = "<group>";
		};
		8BFA8A852291892C00E536D1 /* View */ = {
			isa = PBXGroup;
			children = (
				8B020E2B228EFC9700382909 /* CountrySearchTableViewController.swift */,
				8BFA8A862291898900E536D1 /* CountrySearchViewModel.swift */,
				8B4D511E229481090027AA01 /* CurrentCountryViewController.swift */,
			);
			path = View;
			sourceTree = "<group>";
		};
/* End PBXGroup section */

/* Begin PBXNativeTarget section */
		8B020E25228EFC9700382909 /* Country Search */ = {
			isa = PBXNativeTarget;
			buildConfigurationList = 8B020E4E228EFC9800382909 /* Build configuration list for PBXNativeTarget "Country Search" */;
			buildPhases = (
				8B020E22228EFC9700382909 /* Sources */,
				8B020E23228EFC9700382909 /* Frameworks */,
				8B020E24228EFC9700382909 /* Resources */,
				8B4D51152294738A0027AA01 /* Embed App Extensions */,
			);
			buildRules = (
			);
			dependencies = (
				8B4D51102294738A0027AA01 /* PBXTargetDependency */,
			);
			name = "Country Search";
			productName = "Country Search";
			productReference = 8B020E26228EFC9700382909 /* Country Search.app */;
			productType = "com.apple.product-type.application";
		};
		8B020E39228EFC9800382909 /* Country SearchTests */ = {
			isa = PBXNativeTarget;
			buildConfigurationList = 8B020E51228EFC9800382909 /* Build configuration list for PBXNativeTarget "Country SearchTests" */;
			buildPhases = (
				8B020E36228EFC9800382909 /* Sources */,
				8B020E37228EFC9800382909 /* Frameworks */,
				8B020E38228EFC9800382909 /* Resources */,
			);
			buildRules = (
			);
			dependencies = (
				8B020E3C228EFC9800382909 /* PBXTargetDependency */,
			);
			name = "Country SearchTests";
			productName = "Country SearchTests";
			productReference = 8B020E3A228EFC9800382909 /* Country SearchTests.xctest */;
			productType = "com.apple.product-type.bundle.unit-test";
		};
		8B020E44228EFC9800382909 /* Country SearchUITests */ = {
			isa = PBXNativeTarget;
			buildConfigurationList = 8B020E54228EFC9800382909 /* Build configuration list for PBXNativeTarget "Country SearchUITests" */;
			buildPhases = (
				8B020E41228EFC9800382909 /* Sources */,
				8B020E42228EFC9800382909 /* Frameworks */,
				8B020E43228EFC9800382909 /* Resources */,
			);
			buildRules = (
			);
			dependencies = (
				8B020E47228EFC9800382909 /* PBXTargetDependency */,
			);
			name = "Country SearchUITests";
			productName = "Country SearchUITests";
			productReference = 8B020E45228EFC9800382909 /* Country SearchUITests.xctest */;
			productType = "com.apple.product-type.bundle.ui-testing";
		};
		8B4D51032294738A0027AA01 /* CurrentCountryWidget */ = {
			isa = PBXNativeTarget;
			buildConfigurationList = 8B4D51122294738A0027AA01 /* Build configuration list for PBXNativeTarget "CurrentCountryWidget" */;
			buildPhases = (
				8B4D51002294738A0027AA01 /* Sources */,
				8B4D51012294738A0027AA01 /* Frameworks */,
				8B4D51022294738A0027AA01 /* Resources */,
			);
			buildRules = (
			);
			dependencies = (
			);
			name = CurrentCountryWidget;
			productName = CurrentCountryWidget;
			productReference = 8B4D51042294738A0027AA01 /* CurrentCountryWidget.appex */;
			productType = "com.apple.product-type.app-extension";
		};
/* End PBXNativeTarget section */

/* Begin PBXProject section */
		8B020E1E228EFC9700382909 /* Project object */ = {
			isa = PBXProject;
			attributes = {
				LastSwiftUpdateCheck = 1020;
				LastUpgradeCheck = 1020;
				ORGANIZATIONNAME = "A. Hoffmann";
				TargetAttributes = {
					8B020E25228EFC9700382909 = {
						CreatedOnToolsVersion = 10.2;
					};
					8B020E39228EFC9800382909 = {
						CreatedOnToolsVersion = 10.2;
						TestTargetID = 8B020E25228EFC9700382909;
					};
					8B020E44228EFC9800382909 = {
						CreatedOnToolsVersion = 10.2;
						TestTargetID = 8B020E25228EFC9700382909;
					};
					8B4D51032294738A0027AA01 = {
						CreatedOnToolsVersion = 10.2;
					};
				};
			};
			buildConfigurationList = 8B020E21228EFC9700382909 /* Build configuration list for PBXProject "Country Search" */;
			compatibilityVersion = "Xcode 9.3";
			developmentRegion = en;
			hasScannedForEncodings = 0;
			knownRegions = (
				en,
				Base,
			);
			mainGroup = 8B020E1D228EFC9700382909;
			productRefGroup = 8B020E27228EFC9700382909 /* Products */;
			projectDirPath = "";
			projectRoot = "";
			targets = (
				8B020E25228EFC9700382909 /* Country Search */,
				8B020E39228EFC9800382909 /* Country SearchTests */,
				8B020E44228EFC9800382909 /* Country SearchUITests */,
				8B4D51032294738A0027AA01 /* CurrentCountryWidget */,
			);
		};
/* End PBXProject section */

/* Begin PBXResourcesBuildPhase section */
		8B020E24228EFC9700382909 /* Resources */ = {
			isa = PBXResourcesBuildPhase;
			buildActionMask = 2147483647;
			files = (
				8B020E34228EFC9800382909 /* LaunchScreen.storyboard in Resources */,
				8B020E31228EFC9800382909 /* Assets.xcassets in Resources */,
				8B020E2F228EFC9700382909 /* Main.storyboard in Resources */,
				8B4D5125229488B20027AA01 /* CurrentCountry.storyboard in Resources */,
			);
			runOnlyForDeploymentPostprocessing = 0;
		};
		8B020E38228EFC9800382909 /* Resources */ = {
			isa = PBXResourcesBuildPhase;
			buildActionMask = 2147483647;
			files = (
				8B4D5126229488B40027AA01 /* CurrentCountry.storyboard in Resources */,
			);
			runOnlyForDeploymentPostprocessing = 0;
		};
		8B020E43228EFC9800382909 /* Resources */ = {
			isa = PBXResourcesBuildPhase;
			buildActionMask = 2147483647;
			files = (
				8B4D5127229488B50027AA01 /* CurrentCountry.storyboard in Resources */,
			);
			runOnlyForDeploymentPostprocessing = 0;
		};
		8B4D51022294738A0027AA01 /* Resources */ = {
			isa = PBXResourcesBuildPhase;
			buildActionMask = 2147483647;
			files = (
				8B4D510D2294738A0027AA01 /* CurrentCountry.storyboard in Resources */,
				8B4D51242294867D0027AA01 /* TodayViewController.storyboard in Resources */,
			);
			runOnlyForDeploymentPostprocessing = 0;
		};
/* End PBXResourcesBuildPhase section */

/* Begin PBXSourcesBuildPhase section */
		8B020E22228EFC9700382909 /* Sources */ = {
			isa = PBXSourcesBuildPhase;
			buildActionMask = 2147483647;
			files = (
				8BFA8A8B22918AFC00E536D1 /* LocationService.swift in Sources */,
				8B020E2C228EFC9700382909 /* CountrySearchTableViewController.swift in Sources */,
				8BFA8A872291898900E536D1 /* CountrySearchViewModel.swift in Sources */,
				8B4D511F229481090027AA01 /* CurrentCountryViewController.swift in Sources */,
				8B3D5E35228F08FD00E21AE0 /* ApiCountry.swift in Sources */,
				8BFA8A8F22918FDE00E536D1 /* CountryService.swift in Sources */,
				8B3D5E39228F0BC000E21AE0 /* ApiService.swift in Sources */,
				8B3D5E30228F08DB00E21AE0 /* Country.swift in Sources */,
				8B4D50FD2291ED490027AA01 /* Protocols.swift in Sources */,
				8B020E2A228EFC9700382909 /* AppDelegate.swift in Sources */,
			);
			runOnlyForDeploymentPostprocessing = 0;
		};
		8B020E36228EFC9800382909 /* Sources */ = {
			isa = PBXSourcesBuildPhase;
			buildActionMask = 2147483647;
			files = (
				8B3D5E31228F08DB00E21AE0 /* Country.swift in Sources */,
				8B3D5E3A228F0BC000E21AE0 /* ApiService.swift in Sources */,
				8BFA8A9022918FDE00E536D1 /* CountryService.swift in Sources */,
				8B020E3F228EFC9800382909 /* Country_SearchTests.swift in Sources */,
				8B4D5120229481090027AA01 /* CurrentCountryViewController.swift in Sources */,
				8B3D5E36228F08FD00E21AE0 /* ApiCountry.swift in Sources */,
				8BFA8A8C22918AFC00E536D1 /* LocationService.swift in Sources */,
				8BFA8A882291898900E536D1 /* CountrySearchViewModel.swift in Sources */,
				8B4D50FE2291EEEE0027AA01 /* Protocols.swift in Sources */,
			);
			runOnlyForDeploymentPostprocessing = 0;
		};
		8B020E41228EFC9800382909 /* Sources */ = {
			isa = PBXSourcesBuildPhase;
			buildActionMask = 2147483647;
			files = (
				8B3D5E32228F08DB00E21AE0 /* Country.swift in Sources */,
				8B3D5E3B228F0BC000E21AE0 /* ApiService.swift in Sources */,
				8BFA8A9122918FDE00E536D1 /* CountryService.swift in Sources */,
				8B020E4A228EFC9800382909 /* Country_SearchUITests.swift in Sources */,
				8B4D5121229481090027AA01 /* CurrentCountryViewController.swift in Sources */,
				8B3D5E37228F08FD00E21AE0 /* ApiCountry.swift in Sources */,
				8BFA8A8D22918AFC00E536D1 /* LocationService.swift in Sources */,
				8BFA8A892291898900E536D1 /* CountrySearchViewModel.swift in Sources */,
				8B4D50FF2291EEEF0027AA01 /* Protocols.swift in Sources */,
			);
			runOnlyForDeploymentPostprocessing = 0;
		};
		8B4D51002294738A0027AA01 /* Sources */ = {
			isa = PBXSourcesBuildPhase;
			buildActionMask = 2147483647;
			files = (
				8B4D511B229474190027AA01 /* LocationService.swift in Sources */,
				8B4D5116229473F60027AA01 /* CountryService.swift in Sources */,
				8B4D5117229473FA0027AA01 /* Country.swift in Sources */,
				8B4D511A229474160027AA01 /* ApiService.swift in Sources */,
				8B4D5122229481090027AA01 /* CurrentCountryViewController.swift in Sources */,
				8B4D511D229474720027AA01 /* TodayViewModel.swift in Sources */,
				8B4D510A2294738A0027AA01 /* TodayViewController.swift in Sources */,
				8B4D5118229473FD0027AA01 /* Protocols.swift in Sources */,
				8B4D5119229474130027AA01 /* ApiCountry.swift in Sources */,
			);
			runOnlyForDeploymentPostprocessing = 0;
		};
/* End PBXSourcesBuildPhase section */

/* Begin PBXTargetDependency section */
		8B020E3C228EFC9800382909 /* PBXTargetDependency */ = {
			isa = PBXTargetDependency;
			target = 8B020E25228EFC9700382909 /* Country Search */;
			targetProxy = 8B020E3B228EFC9800382909 /* PBXContainerItemProxy */;
		};
		8B020E47228EFC9800382909 /* PBXTargetDependency */ = {
			isa = PBXTargetDependency;
			target = 8B020E25228EFC9700382909 /* Country Search */;
			targetProxy = 8B020E46228EFC9800382909 /* PBXContainerItemProxy */;
		};
		8B4D51102294738A0027AA01 /* PBXTargetDependency */ = {
			isa = PBXTargetDependency;
			target = 8B4D51032294738A0027AA01 /* CurrentCountryWidget */;
			targetProxy = 8B4D510F2294738A0027AA01 /* PBXContainerItemProxy */;
		};
/* End PBXTargetDependency section */

/* Begin PBXVariantGroup section */
		8B020E2D228EFC9700382909 /* Main.storyboard */ = {
			isa = PBXVariantGroup;
			children = (
				8B020E2E228EFC9700382909 /* Base */,
			);
			name = Main.storyboard;
			sourceTree = "<group>";
		};
		8B020E32228EFC9800382909 /* LaunchScreen.storyboard */ = {
			isa = PBXVariantGroup;
			children = (
				8B020E33228EFC9800382909 /* Base */,
			);
			name = LaunchScreen.storyboard;
			sourceTree = "<group>";
		};
		8B4D510B2294738A0027AA01 /* CurrentCountry.storyboard */ = {
			isa = PBXVariantGroup;
			children = (
				8B4D510C2294738A0027AA01 /* Base */,
			);
			name = CurrentCountry.storyboard;
			sourceTree = "<group>";
		};
/* End PBXVariantGroup section */

/* Begin XCBuildConfiguration section */
		8B020E4C228EFC9800382909 /* Debug */ = {
			isa = XCBuildConfiguration;
			buildSettings = {
				ALWAYS_SEARCH_USER_PATHS = NO;
				CLANG_ANALYZER_NONNULL = YES;
				CLANG_ANALYZER_NUMBER_OBJECT_CONVERSION = YES_AGGRESSIVE;
				CLANG_CXX_LANGUAGE_STANDARD = "gnu++14";
				CLANG_CXX_LIBRARY = "libc++";
				CLANG_ENABLE_MODULES = YES;
				CLANG_ENABLE_OBJC_ARC = YES;
				CLANG_ENABLE_OBJC_WEAK = YES;
				CLANG_WARN_BLOCK_CAPTURE_AUTORELEASING = YES;
				CLANG_WARN_BOOL_CONVERSION = YES;
				CLANG_WARN_COMMA = YES;
				CLANG_WARN_CONSTANT_CONVERSION = YES;
				CLANG_WARN_DEPRECATED_OBJC_IMPLEMENTATIONS = YES;
				CLANG_WARN_DIRECT_OBJC_ISA_USAGE = YES_ERROR;
				CLANG_WARN_DOCUMENTATION_COMMENTS = YES;
				CLANG_WARN_EMPTY_BODY = YES;
				CLANG_WARN_ENUM_CONVERSION = YES;
				CLANG_WARN_INFINITE_RECURSION = YES;
				CLANG_WARN_INT_CONVERSION = YES;
				CLANG_WARN_NON_LITERAL_NULL_CONVERSION = YES;
				CLANG_WARN_OBJC_IMPLICIT_RETAIN_SELF = YES;
				CLANG_WARN_OBJC_LITERAL_CONVERSION = YES;
				CLANG_WARN_OBJC_ROOT_CLASS = YES_ERROR;
				CLANG_WARN_RANGE_LOOP_ANALYSIS = YES;
				CLANG_WARN_STRICT_PROTOTYPES = YES;
				CLANG_WARN_SUSPICIOUS_MOVE = YES;
				CLANG_WARN_UNGUARDED_AVAILABILITY = YES_AGGRESSIVE;
				CLANG_WARN_UNREACHABLE_CODE = YES;
				CLANG_WARN__DUPLICATE_METHOD_MATCH = YES;
				CODE_SIGN_IDENTITY = "iPhone Developer";
				COPY_PHASE_STRIP = NO;
				DEBUG_INFORMATION_FORMAT = dwarf;
				ENABLE_STRICT_OBJC_MSGSEND = YES;
				ENABLE_TESTABILITY = YES;
				GCC_C_LANGUAGE_STANDARD = gnu11;
				GCC_DYNAMIC_NO_PIC = NO;
				GCC_NO_COMMON_BLOCKS = YES;
				GCC_OPTIMIZATION_LEVEL = 0;
				GCC_PREPROCESSOR_DEFINITIONS = (
					"DEBUG=1",
					"$(inherited)",
				);
				GCC_WARN_64_TO_32_BIT_CONVERSION = YES;
				GCC_WARN_ABOUT_RETURN_TYPE = YES_ERROR;
				GCC_WARN_UNDECLARED_SELECTOR = YES;
				GCC_WARN_UNINITIALIZED_AUTOS = YES_AGGRESSIVE;
				GCC_WARN_UNUSED_FUNCTION = YES;
				GCC_WARN_UNUSED_VARIABLE = YES;
				IPHONEOS_DEPLOYMENT_TARGET = 12.2;
				MTL_ENABLE_DEBUG_INFO = INCLUDE_SOURCE;
				MTL_FAST_MATH = YES;
				ONLY_ACTIVE_ARCH = YES;
				SDKROOT = iphoneos;
				SWIFT_ACTIVE_COMPILATION_CONDITIONS = DEBUG;
				SWIFT_OPTIMIZATION_LEVEL = "-Onone";
			};
			name = Debug;
		};
		8B020E4D228EFC9800382909 /* Release */ = {
			isa = XCBuildConfiguration;
			buildSettings = {
				ALWAYS_SEARCH_USER_PATHS = NO;
				CLANG_ANALYZER_NONNULL = YES;
				CLANG_ANALYZER_NUMBER_OBJECT_CONVERSION = YES_AGGRESSIVE;
				CLANG_CXX_LANGUAGE_STANDARD = "gnu++14";
				CLANG_CXX_LIBRARY = "libc++";
				CLANG_ENABLE_MODULES = YES;
				CLANG_ENABLE_OBJC_ARC = YES;
				CLANG_ENABLE_OBJC_WEAK = YES;
				CLANG_WARN_BLOCK_CAPTURE_AUTORELEASING = YES;
				CLANG_WARN_BOOL_CONVERSION = YES;
				CLANG_WARN_COMMA = YES;
				CLANG_WARN_CONSTANT_CONVERSION = YES;
				CLANG_WARN_DEPRECATED_OBJC_IMPLEMENTATIONS = YES;
				CLANG_WARN_DIRECT_OBJC_ISA_USAGE = YES_ERROR;
				CLANG_WARN_DOCUMENTATION_COMMENTS = YES;
				CLANG_WARN_EMPTY_BODY = YES;
				CLANG_WARN_ENUM_CONVERSION = YES;
				CLANG_WARN_INFINITE_RECURSION = YES;
				CLANG_WARN_INT_CONVERSION = YES;
				CLANG_WARN_NON_LITERAL_NULL_CONVERSION = YES;
				CLANG_WARN_OBJC_IMPLICIT_RETAIN_SELF = YES;
				CLANG_WARN_OBJC_LITERAL_CONVERSION = YES;
				CLANG_WARN_OBJC_ROOT_CLASS = YES_ERROR;
				CLANG_WARN_RANGE_LOOP_ANALYSIS = YES;
				CLANG_WARN_STRICT_PROTOTYPES = YES;
				CLANG_WARN_SUSPICIOUS_MOVE = YES;
				CLANG_WARN_UNGUARDED_AVAILABILITY = YES_AGGRESSIVE;
				CLANG_WARN_UNREACHABLE_CODE = YES;
				CLANG_WARN__DUPLICATE_METHOD_MATCH = YES;
				CODE_SIGN_IDENTITY = "iPhone Developer";
				COPY_PHASE_STRIP = NO;
				DEBUG_INFORMATION_FORMAT = "dwarf-with-dsym";
				ENABLE_NS_ASSERTIONS = NO;
				ENABLE_STRICT_OBJC_MSGSEND = YES;
				GCC_C_LANGUAGE_STANDARD = gnu11;
				GCC_NO_COMMON_BLOCKS = YES;
				GCC_WARN_64_TO_32_BIT_CONVERSION = YES;
				GCC_WARN_ABOUT_RETURN_TYPE = YES_ERROR;
				GCC_WARN_UNDECLARED_SELECTOR = YES;
				GCC_WARN_UNINITIALIZED_AUTOS = YES_AGGRESSIVE;
				GCC_WARN_UNUSED_FUNCTION = YES;
				GCC_WARN_UNUSED_VARIABLE = YES;
				IPHONEOS_DEPLOYMENT_TARGET = 12.2;
				MTL_ENABLE_DEBUG_INFO = NO;
				MTL_FAST_MATH = YES;
				SDKROOT = iphoneos;
				SWIFT_COMPILATION_MODE = wholemodule;
				SWIFT_OPTIMIZATION_LEVEL = "-O";
				VALIDATE_PRODUCT = YES;
			};
			name = Release;
		};
		8B020E4F228EFC9800382909 /* Debug */ = {
			isa = XCBuildConfiguration;
			buildSettings = {
				ALWAYS_EMBED_SWIFT_STANDARD_LIBRARIES = YES;
				ASSETCATALOG_COMPILER_APPICON_NAME = AppIcon;
				CODE_SIGN_STYLE = Automatic;
				DEVELOPMENT_TEAM = BJA7SA672K;
				INFOPLIST_FILE = "Country Search/Info.plist";
				LD_RUNPATH_SEARCH_PATHS = (
					"$(inherited)",
					"@executable_path/Frameworks",
				);
				PRODUCT_BUNDLE_IDENTIFIER = "com.ahoffmann.Country-Search";
				PRODUCT_NAME = "$(TARGET_NAME)";
				SWIFT_VERSION = 5.0;
				TARGETED_DEVICE_FAMILY = "1,2";
			};
			name = Debug;
		};
		8B020E50228EFC9800382909 /* Release */ = {
			isa = XCBuildConfiguration;
			buildSettings = {
				ALWAYS_EMBED_SWIFT_STANDARD_LIBRARIES = YES;
				ASSETCATALOG_COMPILER_APPICON_NAME = AppIcon;
				CODE_SIGN_STYLE = Automatic;
				DEVELOPMENT_TEAM = BJA7SA672K;
				INFOPLIST_FILE = "Country Search/Info.plist";
				LD_RUNPATH_SEARCH_PATHS = (
					"$(inherited)",
					"@executable_path/Frameworks",
				);
				PRODUCT_BUNDLE_IDENTIFIER = "com.ahoffmann.Country-Search";
				PRODUCT_NAME = "$(TARGET_NAME)";
				SWIFT_VERSION = 5.0;
				TARGETED_DEVICE_FAMILY = "1,2";
			};
			name = Release;
		};
		8B020E52228EFC9800382909 /* Debug */ = {
			isa = XCBuildConfiguration;
			buildSettings = {
				ALWAYS_EMBED_SWIFT_STANDARD_LIBRARIES = YES;
				BUNDLE_LOADER = "$(TEST_HOST)";
				CODE_SIGN_STYLE = Automatic;
				DEVELOPMENT_TEAM = BJA7SA672K;
				INFOPLIST_FILE = "Country SearchTests/Info.plist";
				LD_RUNPATH_SEARCH_PATHS = (
					"$(inherited)",
					"@executable_path/Frameworks",
					"@loader_path/Frameworks",
				);
				PRODUCT_BUNDLE_IDENTIFIER = "com.ahoffmann.Country-SearchTests";
				PRODUCT_NAME = "$(TARGET_NAME)";
				SWIFT_VERSION = 5.0;
				TARGETED_DEVICE_FAMILY = "1,2";
				TEST_HOST = "$(BUILT_PRODUCTS_DIR)/Country Search.app/Country Search";
			};
			name = Debug;
		};
		8B020E53228EFC9800382909 /* Release */ = {
			isa = XCBuildConfiguration;
			buildSettings = {
				ALWAYS_EMBED_SWIFT_STANDARD_LIBRARIES = YES;
				BUNDLE_LOADER = "$(TEST_HOST)";
				CODE_SIGN_STYLE = Automatic;
				DEVELOPMENT_TEAM = BJA7SA672K;
				INFOPLIST_FILE = "Country SearchTests/Info.plist";
				LD_RUNPATH_SEARCH_PATHS = (
					"$(inherited)",
					"@executable_path/Frameworks",
					"@loader_path/Frameworks",
				);
				PRODUCT_BUNDLE_IDENTIFIER = "com.ahoffmann.Country-SearchTests";
				PRODUCT_NAME = "$(TARGET_NAME)";
				SWIFT_VERSION = 5.0;
				TARGETED_DEVICE_FAMILY = "1,2";
				TEST_HOST = "$(BUILT_PRODUCTS_DIR)/Country Search.app/Country Search";
			};
			name = Release;
		};
		8B020E55228EFC9800382909 /* Debug */ = {
			isa = XCBuildConfiguration;
			buildSettings = {
				ALWAYS_EMBED_SWIFT_STANDARD_LIBRARIES = YES;
				CODE_SIGN_STYLE = Automatic;
				DEVELOPMENT_TEAM = BJA7SA672K;
				INFOPLIST_FILE = "Country SearchUITests/Info.plist";
				LD_RUNPATH_SEARCH_PATHS = (
					"$(inherited)",
					"@executable_path/Frameworks",
					"@loader_path/Frameworks",
				);
				PRODUCT_BUNDLE_IDENTIFIER = "com.ahoffmann.Country-SearchUITests";
				PRODUCT_NAME = "$(TARGET_NAME)";
				SWIFT_VERSION = 5.0;
				TARGETED_DEVICE_FAMILY = "1,2";
				TEST_TARGET_NAME = "Country Search";
			};
			name = Debug;
		};
		8B020E56228EFC9800382909 /* Release */ = {
			isa = XCBuildConfiguration;
			buildSettings = {
				ALWAYS_EMBED_SWIFT_STANDARD_LIBRARIES = YES;
				CODE_SIGN_STYLE = Automatic;
				DEVELOPMENT_TEAM = BJA7SA672K;
				INFOPLIST_FILE = "Country SearchUITests/Info.plist";
				LD_RUNPATH_SEARCH_PATHS = (
					"$(inherited)",
					"@executable_path/Frameworks",
					"@loader_path/Frameworks",
				);
				PRODUCT_BUNDLE_IDENTIFIER = "com.ahoffmann.Country-SearchUITests";
				PRODUCT_NAME = "$(TARGET_NAME)";
				SWIFT_VERSION = 5.0;
				TARGETED_DEVICE_FAMILY = "1,2";
				TEST_TARGET_NAME = "Country Search";
			};
			name = Release;
		};
		8B4D51132294738A0027AA01 /* Debug */ = {
			isa = XCBuildConfiguration;
			buildSettings = {
				CODE_SIGN_STYLE = Automatic;
				DEVELOPMENT_TEAM = BJA7SA672K;
				INFOPLIST_FILE = CurrentCountryWidget/Info.plist;
				LD_RUNPATH_SEARCH_PATHS = (
					"$(inherited)",
					"@executable_path/Frameworks",
					"@executable_path/../../Frameworks",
				);
				PRODUCT_BUNDLE_IDENTIFIER = "com.ahoffmann.Country-Search.CurrentCountryWidget";
				PRODUCT_NAME = "$(TARGET_NAME)";
				SKIP_INSTALL = YES;
				SWIFT_VERSION = 5.0;
				TARGETED_DEVICE_FAMILY = "1,2";
			};
			name = Debug;
		};
		8B4D51142294738A0027AA01 /* Release */ = {
			isa = XCBuildConfiguration;
			buildSettings = {
				CODE_SIGN_STYLE = Automatic;
				DEVELOPMENT_TEAM = BJA7SA672K;
				INFOPLIST_FILE = CurrentCountryWidget/Info.plist;
				LD_RUNPATH_SEARCH_PATHS = (
					"$(inherited)",
					"@executable_path/Frameworks",
					"@executable_path/../../Frameworks",
				);
				PRODUCT_BUNDLE_IDENTIFIER = "com.ahoffmann.Country-Search.CurrentCountryWidget";
				PRODUCT_NAME = "$(TARGET_NAME)";
				SKIP_INSTALL = YES;
				SWIFT_VERSION = 5.0;
				TARGETED_DEVICE_FAMILY = "1,2";
			};
			name = Release;
		};
/* End XCBuildConfiguration section */

/* Begin XCConfigurationList section */
		8B020E21228EFC9700382909 /* Build configuration list for PBXProject "Country Search" */ = {
			isa = XCConfigurationList;
			buildConfigurations = (
				8B020E4C228EFC9800382909 /* Debug */,
				8B020E4D228EFC9800382909 /* Release */,
			);
			defaultConfigurationIsVisible = 0;
			defaultConfigurationName = Release;
		};
		8B020E4E228EFC9800382909 /* Build configuration list for PBXNativeTarget "Country Search" */ = {
			isa = XCConfigurationList;
			buildConfigurations = (
				8B020E4F228EFC9800382909 /* Debug */,
				8B020E50228EFC9800382909 /* Release */,
			);
			defaultConfigurationIsVisible = 0;
			defaultConfigurationName = Release;
		};
		8B020E51228EFC9800382909 /* Build configuration list for PBXNativeTarget "Country SearchTests" */ = {
			isa = XCConfigurationList;
			buildConfigurations = (
				8B020E52228EFC9800382909 /* Debug */,
				8B020E53228EFC9800382909 /* Release */,
			);
			defaultConfigurationIsVisible = 0;
			defaultConfigurationName = Release;
		};
		8B020E54228EFC9800382909 /* Build configuration list for PBXNativeTarget "Country SearchUITests" */ = {
			isa = XCConfigurationList;
			buildConfigurations = (
				8B020E55228EFC9800382909 /* Debug */,
				8B020E56228EFC9800382909 /* Release */,
			);
			defaultConfigurationIsVisible = 0;
			defaultConfigurationName = Release;
		};
		8B4D51122294738A0027AA01 /* Build configuration list for PBXNativeTarget "CurrentCountryWidget" */ = {
			isa = XCConfigurationList;
			buildConfigurations = (
				8B4D51132294738A0027AA01 /* Debug */,
				8B4D51142294738A0027AA01 /* Release */,
			);
			defaultConfigurationIsVisible = 0;
			defaultConfigurationName = Release;
		};
/* End XCConfigurationList section */
	};
	rootObject = 8B020E1E228EFC9700382909 /* Project object */;
}
